
Microsoft Visual Studio Solution File, Format Version 12.00
# Visual Studio 15
VisualStudioVersion = 15.0.28307.1321
MinimumVisualStudioVersion = 10.0.40219.1
Project("{8BC9CEB8-8B4A-11D0-8D11-00A0C91BC942}") = "GenshinImpact_AutoMap", "GenshinImpact_AutoMap\GenshinImpact_AutoMap.vcxproj", "{CCBAE52E-A530-413D-93A8-5C71E12AA50E}"
EndProject
Project("{8BC9CEB8-8B4A-11D0-8D11-00A0C91BC942}") = "GenshinImpactNaturalLaw", "GenshinImpactNaturalLaw\GenshinImpactNaturalLaw.vcxproj", "{89ED3DF1-AAB3-49DF-8F0D-8F5F0E5B06B6}"
EndProject
Global
	GlobalSection(SolutionConfigurationPlatforms) = preSolution
		D_450_T1|Any CPU = D_450_T1|Any CPU
		D_450_T1|x64 = D_450_T1|x64
		D_450_T1|x86 = D_450_T1|x86
		D450T1_W|Any CPU = D450T1_W|Any CPU
		D450T1_W|x64 = D450T1_W|x64
		D450T1_W|x86 = D450T1_W|x86
		D452T1_C|Any CPU = D452T1_C|Any CPU
		D452T1_C|x64 = D452T1_C|x64
		D452T1_C|x86 = D452T1_C|x86
		Debug|Any CPU = Debug|Any CPU
		Debug|x64 = Debug|x64
		Debug|x86 = Debug|x86
		Debug341|Any CPU = Debug341|Any CPU
		Debug341|x64 = Debug341|x64
		Debug341|x86 = Debug341|x86
		Debug450|Any CPU = Debug450|Any CPU
		Debug450|x64 = Debug450|x64
		Debug450|x86 = Debug450|x86
		R450T1_W|Any CPU = R450T1_W|Any CPU
		R450T1_W|x64 = R450T1_W|x64
		R450T1_W|x86 = R450T1_W|x86
		Release|Any CPU = Release|Any CPU
		Release|x64 = Release|x64
		Release|x86 = Release|x86
		Release动态库|Any CPU = Release动态库|Any CPU
		Release动态库|x64 = Release动态库|x64
		Release动态库|x86 = Release动态库|x86
	EndGlobalSection
	GlobalSection(ProjectConfigurationPlatforms) = postSolution
		{CCBAE52E-A530-413D-93A8-5C71E12AA50E}.D_450_T1|Any CPU.ActiveCfg = Release动态库|x64
		{CCBAE52E-A530-413D-93A8-5C71E12AA50E}.D_450_T1|Any CPU.Build.0 = Release动态库|x64
		{CCBAE52E-A530-413D-93A8-5C71E12AA50E}.D_450_T1|x64.ActiveCfg = Debug|x64
		{CCBAE52E-A530-413D-93A8-5C71E12AA50E}.D_450_T1|x64.Build.0 = Debug|x64
		{CCBAE52E-A530-413D-93A8-5C71E12AA50E}.D_450_T1|x86.ActiveCfg = Release|x64
		{CCBAE52E-A530-413D-93A8-5C71E12AA50E}.D_450_T1|x86.Build.0 = Release|x64
		{CCBAE52E-A530-413D-93A8-5C71E12AA50E}.D450T1_W|Any CPU.ActiveCfg = Release动态库|x64
		{CCBAE52E-A530-413D-93A8-5C71E12AA50E}.D450T1_W|Any CPU.Build.0 = Release动态库|x64
		{CCBAE52E-A530-413D-93A8-5C71E12AA50E}.D450T1_W|x64.ActiveCfg = Debug|x64
		{CCBAE52E-A530-413D-93A8-5C71E12AA50E}.D450T1_W|x64.Build.0 = Debug|x64
		{CCBAE52E-A530-413D-93A8-5C71E12AA50E}.D450T1_W|x86.ActiveCfg = Release|x64
		{CCBAE52E-A530-413D-93A8-5C71E12AA50E}.D450T1_W|x86.Build.0 = Release|x64
		{CCBAE52E-A530-413D-93A8-5C71E12AA50E}.D452T1_C|Any CPU.ActiveCfg = D452T1_C|x64
		{CCBAE52E-A530-413D-93A8-5C71E12AA50E}.D452T1_C|x64.ActiveCfg = D452T1_C|x64
		{CCBAE52E-A530-413D-93A8-5C71E12AA50E}.D452T1_C|x64.Build.0 = D452T1_C|x64
		{CCBAE52E-A530-413D-93A8-5C71E12AA50E}.D452T1_C|x86.ActiveCfg = D452T1_C|x64
		{CCBAE52E-A530-413D-93A8-5C71E12AA50E}.Debug|Any CPU.ActiveCfg = Debug|x64
		{CCBAE52E-A530-413D-93A8-5C71E12AA50E}.Debug|x64.ActiveCfg = Debug|x64
		{CCBAE52E-A530-413D-93A8-5C71E12AA50E}.Debug|x64.Build.0 = Debug|x64
		{CCBAE52E-A530-413D-93A8-5C71E12AA50E}.Debug|x86.ActiveCfg = Debug|x64
		{CCBAE52E-A530-413D-93A8-5C71E12AA50E}.Debug341|Any CPU.ActiveCfg = Release动态库|x64
		{CCBAE52E-A530-413D-93A8-5C71E12AA50E}.Debug341|Any CPU.Build.0 = Release动态库|x64
		{CCBAE52E-A530-413D-93A8-5C71E12AA50E}.Debug341|x64.ActiveCfg = Debug|x64
		{CCBAE52E-A530-413D-93A8-5C71E12AA50E}.Debug341|x64.Build.0 = Debug|x64
		{CCBAE52E-A530-413D-93A8-5C71E12AA50E}.Debug341|x86.ActiveCfg = Release|x64
		{CCBAE52E-A530-413D-93A8-5C71E12AA50E}.Debug341|x86.Build.0 = Release|x64
		{CCBAE52E-A530-413D-93A8-5C71E12AA50E}.Debug450|Any CPU.ActiveCfg = Release动态库|x64
		{CCBAE52E-A530-413D-93A8-5C71E12AA50E}.Debug450|Any CPU.Build.0 = Release动态库|x64
		{CCBAE52E-A530-413D-93A8-5C71E12AA50E}.Debug450|x64.ActiveCfg = Debug|x64
		{CCBAE52E-A530-413D-93A8-5C71E12AA50E}.Debug450|x64.Build.0 = Debug|x64
		{CCBAE52E-A530-413D-93A8-5C71E12AA50E}.Debug450|x86.ActiveCfg = Release|x64
		{CCBAE52E-A530-413D-93A8-5C71E12AA50E}.Debug450|x86.Build.0 = Release|x64
		{CCBAE52E-A530-413D-93A8-5C71E12AA50E}.R450T1_W|Any CPU.ActiveCfg = R450T1_W|x64
		{CCBAE52E-A530-413D-93A8-5C71E12AA50E}.R450T1_W|x64.ActiveCfg = R450T1_W|x64
		{CCBAE52E-A530-413D-93A8-5C71E12AA50E}.R450T1_W|x64.Build.0 = R450T1_W|x64
		{CCBAE52E-A530-413D-93A8-5C71E12AA50E}.R450T1_W|x86.ActiveCfg = R450T1_W|x64
		{CCBAE52E-A530-413D-93A8-5C71E12AA50E}.Release|Any CPU.ActiveCfg = Release|x64
		{CCBAE52E-A530-413D-93A8-5C71E12AA50E}.Release|x64.ActiveCfg = Release|x64
		{CCBAE52E-A530-413D-93A8-5C71E12AA50E}.Release|x64.Build.0 = Release|x64
		{CCBAE52E-A530-413D-93A8-5C71E12AA50E}.Release|x86.ActiveCfg = Release|x64
		{CCBAE52E-A530-413D-93A8-5C71E12AA50E}.Release动态库|Any CPU.ActiveCfg = Release动态库|x64
		{CCBAE52E-A530-413D-93A8-5C71E12AA50E}.Release动态库|x64.ActiveCfg = Release动态库|x64
		{CCBAE52E-A530-413D-93A8-5C71E12AA50E}.Release动态库|x64.Build.0 = Release动态库|x64
		{CCBAE52E-A530-413D-93A8-5C71E12AA50E}.Release动态库|x86.ActiveCfg = Release动态库|x64
		{89ED3DF1-AAB3-49DF-8F0D-8F5F0E5B06B6}.D_450_T1|Any CPU.ActiveCfg = Release|x64
		{89ED3DF1-AAB3-49DF-8F0D-8F5F0E5B06B6}.D_450_T1|Any CPU.Build.0 = Release|x64
		{89ED3DF1-AAB3-49DF-8F0D-8F5F0E5B06B6}.D_450_T1|x64.ActiveCfg = Debug|x64
		{89ED3DF1-AAB3-49DF-8F0D-8F5F0E5B06B6}.D_450_T1|x64.Build.0 = Debug|x64
		{89ED3DF1-AAB3-49DF-8F0D-8F5F0E5B06B6}.D_450_T1|x86.ActiveCfg = Release|x64
		{89ED3DF1-AAB3-49DF-8F0D-8F5F0E5B06B6}.D_450_T1|x86.Build.0 = Release|x64
		{89ED3DF1-AAB3-49DF-8F0D-8F5F0E5B06B6}.D450T1_W|Any CPU.ActiveCfg = Release|x64
		{89ED3DF1-AAB3-49DF-8F0D-8F5F0E5B06B6}.D450T1_W|Any CPU.Build.0 = Release|x64
		{89ED3DF1-AAB3-49DF-8F0D-8F5F0E5B06B6}.D450T1_W|x64.ActiveCfg = Debug|x64
		{89ED3DF1-AAB3-49DF-8F0D-8F5F0E5B06B6}.D450T1_W|x64.Build.0 = Debug|x64
		{89ED3DF1-AAB3-49DF-8F0D-8F5F0E5B06B6}.D450T1_W|x86.ActiveCfg = Release|x64
		{89ED3DF1-AAB3-49DF-8F0D-8F5F0E5B06B6}.D450T1_W|x86.Build.0 = Release|x64
		{89ED3DF1-AAB3-49DF-8F0D-8F5F0E5B06B6}.D452T1_C|Any CPU.ActiveCfg = Release|x64
		{89ED3DF1-AAB3-49DF-8F0D-8F5F0E5B06B6}.D452T1_C|Any CPU.Build.0 = Release|x64
		{89ED3DF1-AAB3-49DF-8F0D-8F5F0E5B06B6}.D452T1_C|x64.ActiveCfg = Debug|x64
		{89ED3DF1-AAB3-49DF-8F0D-8F5F0E5B06B6}.D452T1_C|x64.Build.0 = Debug|x64
		{89ED3DF1-AAB3-49DF-8F0D-8F5F0E5B06B6}.D452T1_C|x86.ActiveCfg = Release|x64
		{89ED3DF1-AAB3-49DF-8F0D-8F5F0E5B06B6}.D452T1_C|x86.Build.0 = Release|x64
		{89ED3DF1-AAB3-49DF-8F0D-8F5F0E5B06B6}.Debug|Any CPU.ActiveCfg = Debug|x64
		{89ED3DF1-AAB3-49DF-8F0D-8F5F0E5B06B6}.Debug|x64.ActiveCfg = Debug|x64
		{89ED3DF1-AAB3-49DF-8F0D-8F5F0E5B06B6}.Debug|x64.Build.0 = Debug|x64
		{89ED3DF1-AAB3-49DF-8F0D-8F5F0E5B06B6}.Debug|x86.ActiveCfg = Debug|x64
		{89ED3DF1-AAB3-49DF-8F0D-8F5F0E5B06B6}.Debug341|Any CPU.ActiveCfg = Release|x64
		{89ED3DF1-AAB3-49DF-8F0D-8F5F0E5B06B6}.Debug341|Any CPU.Build.0 = Release|x64
		{89ED3DF1-AAB3-49DF-8F0D-8F5F0E5B06B6}.Debug341|x64.ActiveCfg = Debug|x64
		{89ED3DF1-AAB3-49DF-8F0D-8F5F0E5B06B6}.Debug341|x64.Build.0 = Debug|x64
		{89ED3DF1-AAB3-49DF-8F0D-8F5F0E5B06B6}.Debug341|x86.ActiveCfg = Release|x64
		{89ED3DF1-AAB3-49DF-8F0D-8F5F0E5B06B6}.Debug341|x86.Build.0 = Release|x64
		{89ED3DF1-AAB3-49DF-8F0D-8F5F0E5B06B6}.Debug450|Any CPU.ActiveCfg = Release|x64
		{89ED3DF1-AAB3-49DF-8F0D-8F5F0E5B06B6}.Debug450|Any CPU.Build.0 = Release|x64
		{89ED3DF1-AAB3-49DF-8F0D-8F5F0E5B06B6}.Debug450|x64.ActiveCfg = Debug|x64
		{89ED3DF1-AAB3-49DF-8F0D-8F5F0E5B06B6}.Debug450|x64.Build.0 = Debug|x64
		{89ED3DF1-AAB3-49DF-8F0D-8F5F0E5B06B6}.Debug450|x86.ActiveCfg = Release|x64
		{89ED3DF1-AAB3-49DF-8F0D-8F5F0E5B06B6}.Debug450|x86.Build.0 = Release|x64
		{89ED3DF1-AAB3-49DF-8F0D-8F5F0E5B06B6}.R450T1_W|Any CPU.ActiveCfg = Release|x64
		{89ED3DF1-AAB3-49DF-8F0D-8F5F0E5B06B6}.R450T1_W|Any CPU.Build.0 = Release|x64
		{89ED3DF1-AAB3-49DF-8F0D-8F5F0E5B06B6}.R450T1_W|x64.ActiveCfg = Release|x64
		{89ED3DF1-AAB3-49DF-8F0D-8F5F0E5B06B6}.R450T1_W|x64.Build.0 = Release|x64
		{89ED3DF1-AAB3-49DF-8F0D-8F5F0E5B06B6}.R450T1_W|x86.ActiveCfg = Release|x64
		{89ED3DF1-AAB3-49DF-8F0D-8F5F0E5B06B6}.R450T1_W|x86.Build.0 = Release|x64
		{89ED3DF1-AAB3-49DF-8F0D-8F5F0E5B06B6}.Release|Any CPU.ActiveCfg = Release|x64
		{89ED3DF1-AAB3-49DF-8F0D-8F5F0E5B06B6}.Release|x64.ActiveCfg = Release|x64
		{89ED3DF1-AAB3-49DF-8F0D-8F5F0E5B06B6}.Release|x64.Build.0 = Release|x64
		{89ED3DF1-AAB3-49DF-8F0D-8F5F0E5B06B6}.Release|x86.ActiveCfg = Release|x64
		{89ED3DF1-AAB3-49DF-8F0D-8F5F0E5B06B6}.Release动态库|Any CPU.ActiveCfg = Release|x64
		{89ED3DF1-AAB3-49DF-8F0D-8F5F0E5B06B6}.Release动态库|Any CPU.Build.0 = Release|x64
		{89ED3DF1-AAB3-49DF-8F0D-8F5F0E5B06B6}.Release动态库|x64.ActiveCfg = Release|x64
		{89ED3DF1-AAB3-49DF-8F0D-8F5F0E5B06B6}.Release动态库|x64.Build.0 = Release|x64
		{89ED3DF1-AAB3-49DF-8F0D-8F5F0E5B06B6}.Release动态库|x86.ActiveCfg = Release|x64
		{89ED3DF1-AAB3-49DF-8F0D-8F5F0E5B06B6}.Release动态库|x86.Build.0 = Release|x64
	EndGlobalSection
	GlobalSection(SolutionProperties) = preSolution
		HideSolutionNode = FALSE
	EndGlobalSection
	GlobalSection(ExtensibilityGlobals) = postSolution
		SolutionGuid = {92C8FFF5-B795-4B73-BB70-9E09A87BFE70}
	EndGlobalSection
EndGlobal
