
Microsoft Visual Studio Solution File, Format Version 12.00
# Visual Studio 15
VisualStudioVersion = 15.0.28307.1321
MinimumVisualStudioVersion = 10.0.40219.1
Project("{8BC9CEB8-8B4A-11D0-8D11-00A0C91BC942}") = "GenshinImpact_AutoMap", "GenshinImpact_AutoMap\GenshinImpact_AutoMap.vcxproj", "{CCBAE52E-A530-413D-93A8-5C71E12AA50E}"
EndProject
Project("{8BC9CEB8-8B4A-11D0-8D11-00A0C91BC942}") = "YS_Map_Test1", "..\YS_Map\YS_Map\YS_Map.vcxproj", "{CED8FDE8-976B-456D-AF28-BE807D2F7258}"
EndProject
Project("{8BC9CEB8-8B4A-11D0-8D11-00A0C91BC942}") = "GenshinImpact_Map_Test_1", "GenshinImpact_Map_Test_1\GenshinImpact_Map_Test_1.vcxproj", "{339DD1AC-425C-4506-8259-93AD27D4C6D0}"
EndProject
Global
	GlobalSection(SolutionConfigurationPlatforms) = preSolution
		D_450_T1|x64 = D_450_T1|x64
		D_450_T1|x86 = D_450_T1|x86
		D450T1_W|x64 = D450T1_W|x64
		D450T1_W|x86 = D450T1_W|x86
		D452T1_C|x64 = D452T1_C|x64
		D452T1_C|x86 = D452T1_C|x86
		Debug|x64 = Debug|x64
		Debug|x86 = Debug|x86
		Debug341|x64 = Debug341|x64
		Debug341|x86 = Debug341|x86
		Debug450|x64 = Debug450|x64
		Debug450|x86 = Debug450|x86
		R450T1_W|x64 = R450T1_W|x64
		R450T1_W|x86 = R450T1_W|x86
		Release|x64 = Release|x64
		Release|x86 = Release|x86
	EndGlobalSection
	GlobalSection(ProjectConfigurationPlatforms) = postSolution
		{CCBAE52E-A530-413D-93A8-5C71E12AA50E}.D_450_T1|x64.ActiveCfg = Debug|x64
		{CCBAE52E-A530-413D-93A8-5C71E12AA50E}.D_450_T1|x64.Build.0 = Debug|x64
		{CCBAE52E-A530-413D-93A8-5C71E12AA50E}.D_450_T1|x86.ActiveCfg = Release|x64
		{CCBAE52E-A530-413D-93A8-5C71E12AA50E}.D_450_T1|x86.Build.0 = Release|x64
		{CCBAE52E-A530-413D-93A8-5C71E12AA50E}.D450T1_W|x64.ActiveCfg = Debug|x64
		{CCBAE52E-A530-413D-93A8-5C71E12AA50E}.D450T1_W|x64.Build.0 = Debug|x64
		{CCBAE52E-A530-413D-93A8-5C71E12AA50E}.D450T1_W|x86.ActiveCfg = Release|x64
		{CCBAE52E-A530-413D-93A8-5C71E12AA50E}.D450T1_W|x86.Build.0 = Release|x64
		{CCBAE52E-A530-413D-93A8-5C71E12AA50E}.D452T1_C|x64.ActiveCfg = D452T1_C|x64
		{CCBAE52E-A530-413D-93A8-5C71E12AA50E}.D452T1_C|x64.Build.0 = D452T1_C|x64
		{CCBAE52E-A530-413D-93A8-5C71E12AA50E}.D452T1_C|x86.ActiveCfg = D452T1_C|x64
		{CCBAE52E-A530-413D-93A8-5C71E12AA50E}.Debug|x64.ActiveCfg = Debug|x64
		{CCBAE52E-A530-413D-93A8-5C71E12AA50E}.Debug|x64.Build.0 = Debug|x64
		{CCBAE52E-A530-413D-93A8-5C71E12AA50E}.Debug|x86.ActiveCfg = Debug|x64
		{CCBAE52E-A530-413D-93A8-5C71E12AA50E}.Debug341|x64.ActiveCfg = Debug|x64
		{CCBAE52E-A530-413D-93A8-5C71E12AA50E}.Debug341|x64.Build.0 = Debug|x64
		{CCBAE52E-A530-413D-93A8-5C71E12AA50E}.Debug341|x86.ActiveCfg = Release|x64
		{CCBAE52E-A530-413D-93A8-5C71E12AA50E}.Debug341|x86.Build.0 = Release|x64
		{CCBAE52E-A530-413D-93A8-5C71E12AA50E}.Debug450|x64.ActiveCfg = Debug|x64
		{CCBAE52E-A530-413D-93A8-5C71E12AA50E}.Debug450|x64.Build.0 = Debug|x64
		{CCBAE52E-A530-413D-93A8-5C71E12AA50E}.Debug450|x86.ActiveCfg = Release|x64
		{CCBAE52E-A530-413D-93A8-5C71E12AA50E}.Debug450|x86.Build.0 = Release|x64
		{CCBAE52E-A530-413D-93A8-5C71E12AA50E}.R450T1_W|x64.ActiveCfg = R450T1_W|x64
		{CCBAE52E-A530-413D-93A8-5C71E12AA50E}.R450T1_W|x64.Build.0 = R450T1_W|x64
		{CCBAE52E-A530-413D-93A8-5C71E12AA50E}.R450T1_W|x86.ActiveCfg = R450T1_W|x64
		{CCBAE52E-A530-413D-93A8-5C71E12AA50E}.Release|x64.ActiveCfg = Release|x64
		{CCBAE52E-A530-413D-93A8-5C71E12AA50E}.Release|x64.Build.0 = Release|x64
		{CCBAE52E-A530-413D-93A8-5C71E12AA50E}.Release|x86.ActiveCfg = Release|x64
		{CED8FDE8-976B-456D-AF28-BE807D2F7258}.D_450_T1|x64.ActiveCfg = Debug450|x64
		{CED8FDE8-976B-456D-AF28-BE807D2F7258}.D_450_T1|x64.Build.0 = Debug450|x64
		{CED8FDE8-976B-456D-AF28-BE807D2F7258}.D_450_T1|x86.ActiveCfg = Debug450|Win32
		{CED8FDE8-976B-456D-AF28-BE807D2F7258}.D_450_T1|x86.Build.0 = Debug450|Win32
		{CED8FDE8-976B-456D-AF28-BE807D2F7258}.D450T1_W|x64.ActiveCfg = Debug341|x64
		{CED8FDE8-976B-456D-AF28-BE807D2F7258}.D450T1_W|x64.Build.0 = Debug341|x64
		{CED8FDE8-976B-456D-AF28-BE807D2F7258}.D450T1_W|x86.ActiveCfg = Debug341|Win32
		{CED8FDE8-976B-456D-AF28-BE807D2F7258}.D450T1_W|x86.Build.0 = Debug341|Win32
		{CED8FDE8-976B-456D-AF28-BE807D2F7258}.D452T1_C|x64.ActiveCfg = D452T1_C|x64
		{CED8FDE8-976B-456D-AF28-BE807D2F7258}.D452T1_C|x64.Build.0 = D452T1_C|x64
		{CED8FDE8-976B-456D-AF28-BE807D2F7258}.D452T1_C|x86.ActiveCfg = D452T1_C|Win32
		{CED8FDE8-976B-456D-AF28-BE807D2F7258}.D452T1_C|x86.Build.0 = D452T1_C|Win32
		{CED8FDE8-976B-456D-AF28-BE807D2F7258}.Debug|x64.ActiveCfg = Debug|x64
		{CED8FDE8-976B-456D-AF28-BE807D2F7258}.Debug|x64.Build.0 = Debug|x64
		{CED8FDE8-976B-456D-AF28-BE807D2F7258}.Debug|x86.ActiveCfg = Debug|Win32
		{CED8FDE8-976B-456D-AF28-BE807D2F7258}.Debug|x86.Build.0 = Debug|Win32
		{CED8FDE8-976B-456D-AF28-BE807D2F7258}.Debug341|x64.ActiveCfg = Debug341|x64
		{CED8FDE8-976B-456D-AF28-BE807D2F7258}.Debug341|x64.Build.0 = Debug341|x64
		{CED8FDE8-976B-456D-AF28-BE807D2F7258}.Debug341|x86.ActiveCfg = Debug341|Win32
		{CED8FDE8-976B-456D-AF28-BE807D2F7258}.Debug341|x86.Build.0 = Debug341|Win32
		{CED8FDE8-976B-456D-AF28-BE807D2F7258}.Debug450|x64.ActiveCfg = Debug450|x64
		{CED8FDE8-976B-456D-AF28-BE807D2F7258}.Debug450|x64.Build.0 = Debug450|x64
		{CED8FDE8-976B-456D-AF28-BE807D2F7258}.Debug450|x86.ActiveCfg = Debug450|Win32
		{CED8FDE8-976B-456D-AF28-BE807D2F7258}.Debug450|x86.Build.0 = Debug450|Win32
		{CED8FDE8-976B-456D-AF28-BE807D2F7258}.R450T1_W|x64.ActiveCfg = R450T1_W|x64
		{CED8FDE8-976B-456D-AF28-BE807D2F7258}.R450T1_W|x64.Build.0 = R450T1_W|x64
		{CED8FDE8-976B-456D-AF28-BE807D2F7258}.R450T1_W|x86.ActiveCfg = R450T1_W|Win32
		{CED8FDE8-976B-456D-AF28-BE807D2F7258}.R450T1_W|x86.Build.0 = R450T1_W|Win32
		{CED8FDE8-976B-456D-AF28-BE807D2F7258}.Release|x64.ActiveCfg = Release|x64
		{CED8FDE8-976B-456D-AF28-BE807D2F7258}.Release|x64.Build.0 = Release|x64
		{CED8FDE8-976B-456D-AF28-BE807D2F7258}.Release|x86.ActiveCfg = Release|Win32
		{CED8FDE8-976B-456D-AF28-BE807D2F7258}.Release|x86.Build.0 = Release|Win32
		{339DD1AC-425C-4506-8259-93AD27D4C6D0}.D_450_T1|x64.ActiveCfg = D_450_T1|x64
		{339DD1AC-425C-4506-8259-93AD27D4C6D0}.D_450_T1|x64.Build.0 = D_450_T1|x64
		{339DD1AC-425C-4506-8259-93AD27D4C6D0}.D_450_T1|x86.ActiveCfg = D_450_T1|Win32
		{339DD1AC-425C-4506-8259-93AD27D4C6D0}.D_450_T1|x86.Build.0 = D_450_T1|Win32
		{339DD1AC-425C-4506-8259-93AD27D4C6D0}.D450T1_W|x64.ActiveCfg = D450T1_W|x64
		{339DD1AC-425C-4506-8259-93AD27D4C6D0}.D450T1_W|x64.Build.0 = D450T1_W|x64
		{339DD1AC-425C-4506-8259-93AD27D4C6D0}.D450T1_W|x86.ActiveCfg = D450T1_W|Win32
		{339DD1AC-425C-4506-8259-93AD27D4C6D0}.D450T1_W|x86.Build.0 = D450T1_W|Win32
		{339DD1AC-425C-4506-8259-93AD27D4C6D0}.D452T1_C|x64.ActiveCfg = D452T1_C|x64
		{339DD1AC-425C-4506-8259-93AD27D4C6D0}.D452T1_C|x64.Build.0 = D452T1_C|x64
		{339DD1AC-425C-4506-8259-93AD27D4C6D0}.D452T1_C|x86.ActiveCfg = D452T1_C|Win32
		{339DD1AC-425C-4506-8259-93AD27D4C6D0}.D452T1_C|x86.Build.0 = D452T1_C|Win32
		{339DD1AC-425C-4506-8259-93AD27D4C6D0}.Debug|x64.ActiveCfg = Debug|x64
		{339DD1AC-425C-4506-8259-93AD27D4C6D0}.Debug|x64.Build.0 = Debug|x64
		{339DD1AC-425C-4506-8259-93AD27D4C6D0}.Debug|x86.ActiveCfg = Debug|Win32
		{339DD1AC-425C-4506-8259-93AD27D4C6D0}.Debug|x86.Build.0 = Debug|Win32
		{339DD1AC-425C-4506-8259-93AD27D4C6D0}.Debug341|x64.ActiveCfg = Debug|x64
		{339DD1AC-425C-4506-8259-93AD27D4C6D0}.Debug341|x64.Build.0 = Debug|x64
		{339DD1AC-425C-4506-8259-93AD27D4C6D0}.Debug341|x86.ActiveCfg = Debug|Win32
		{339DD1AC-425C-4506-8259-93AD27D4C6D0}.Debug341|x86.Build.0 = Debug|Win32
		{339DD1AC-425C-4506-8259-93AD27D4C6D0}.Debug450|x64.ActiveCfg = Debug|x64
		{339DD1AC-425C-4506-8259-93AD27D4C6D0}.Debug450|x64.Build.0 = Debug|x64
		{339DD1AC-425C-4506-8259-93AD27D4C6D0}.Debug450|x86.ActiveCfg = Debug|Win32
		{339DD1AC-425C-4506-8259-93AD27D4C6D0}.Debug450|x86.Build.0 = Debug|Win32
		{339DD1AC-425C-4506-8259-93AD27D4C6D0}.R450T1_W|x64.ActiveCfg = R450T1_W|x64
		{339DD1AC-425C-4506-8259-93AD27D4C6D0}.R450T1_W|x64.Build.0 = R450T1_W|x64
		{339DD1AC-425C-4506-8259-93AD27D4C6D0}.R450T1_W|x86.ActiveCfg = R450T1_W|Win32
		{339DD1AC-425C-4506-8259-93AD27D4C6D0}.R450T1_W|x86.Build.0 = R450T1_W|Win32
		{339DD1AC-425C-4506-8259-93AD27D4C6D0}.Release|x64.ActiveCfg = Release|x64
		{339DD1AC-425C-4506-8259-93AD27D4C6D0}.Release|x64.Build.0 = Release|x64
		{339DD1AC-425C-4506-8259-93AD27D4C6D0}.Release|x86.ActiveCfg = Release|Win32
		{339DD1AC-425C-4506-8259-93AD27D4C6D0}.Release|x86.Build.0 = Release|Win32
	EndGlobalSection
	GlobalSection(SolutionProperties) = preSolution
		HideSolutionNode = FALSE
	EndGlobalSection
	GlobalSection(ExtensibilityGlobals) = postSolution
		SolutionGuid = {92C8FFF5-B795-4B73-BB70-9E09A87BFE70}
	EndGlobalSection
EndGlobal
