<?xml version="1.0" encoding="utf-8"?>
<Project ToolsVersion="4.0" xmlns="http://schemas.microsoft.com/developer/msbuild/2003">
  <ItemGroup>
    <Filter Include="Source Files">
      <UniqueIdentifier>{4FC737F1-C7A5-4376-A066-2A32D752A2FF}</UniqueIdentifier>
      <Extensions>cpp;c;cc;cxx;def;odl;idl;hpj;bat;asm;asmx</Extensions>
    </Filter>
    <Filter Include="Header Files">
      <UniqueIdentifier>{93995380-89BD-4b04-88EB-625FBE52EBFB}</UniqueIdentifier>
      <Extensions>h;hh;hpp;hxx;hm;inl;inc;xsd</Extensions>
    </Filter>
    <Filter Include="Resource Files">
      <UniqueIdentifier>{67DA6AB6-F800-4c08-8B7A-83BB121AAD01}</UniqueIdentifier>
      <Extensions>rc;ico;cur;bmp;dlg;rc2;rct;bin;rgs;gif;jpg;jpeg;jpe;resx;tiff;tif;png;wav;mfcribbon-ms</Extensions>
    </Filter>
    <Filter Include="Form Files">
      <UniqueIdentifier>{99349809-55BA-4b9d-BF79-8FDBB0286EB3}</UniqueIdentifier>
      <Extensions>ui</Extensions>
    </Filter>
    <Filter Include="Resource Files">
      <UniqueIdentifier>{D9D6E242-F8AF-46E4-B9FD-80ECBC20BA3E}</UniqueIdentifier>
      <Extensions>qrc;*</Extensions>
      <ParseFiles>false</ParseFiles>
    </Filter>
  </ItemGroup>
  <ItemGroup>
    <QtRcc Include="GenshinImpact_AutoMap.qrc">
      <Filter>Resource Files</Filter>
    </QtRcc>
    <QtUic Include="GenshinImpact_AutoMap.ui">
      <Filter>Resource Files</Filter>
    </QtUic>
    <QtMoc Include="GenshinImpact_AutoMap.h">
      <Filter>Header Files</Filter>
    </QtMoc>
    <ClCompile Include="GenshinImpact_AutoMap.cpp">
      <Filter>Source Files</Filter>
    </ClCompile>
    <QtRcc Include="GenshinImpact_AutoMap_Icon.qrc" />
    <QtRcc Include="GenshinImpact_AutoMap_Items.qrc" />
    <QtRcc Include="GenshinImpact_AutoMap_UI.qrc" />
  </ItemGroup>
  <ItemGroup>
    <ClCompile Include="main.cpp">
      <Filter>Source Files</Filter>
    </ClCompile>
    <ClCompile Include="AutomaticTrackingMap.cpp">
      <Filter>Source Files</Filter>
    </ClCompile>
    <ClCompile Include="ATM_Resource.cpp">
      <Filter>Source Files</Filter>
    </ClCompile>
    <ClCompile Include="ATM_MouseEvent.cpp">
      <Filter>Source Files</Filter>
    </ClCompile>
    <ClCompile Include="ATM_GiState.cpp">
      <Filter>Source Files</Filter>
    </ClCompile>
    <ClCompile Include="QtClassMyExitButton.cpp">
      <Filter>Source Files</Filter>
    </ClCompile>
    <ClCompile Include="ATM_GI_ScreenResolution.cpp">
      <Filter>Source Files</Filter>
    </ClCompile>
    <ClCompile Include="ATM_ThreadMatch.cpp">
      <Filter>Source Files</Filter>
    </ClCompile>
    <ClCompile Include="QtClassMyHotKayNativeEventFilter.cpp">
      <Filter>Source Files</Filter>
    </ClCompile>
    <ClCompile Include="QtClassMyHotKeyObject.cpp">
      <Filter>Source Files</Filter>
    </ClCompile>
    <ClCompile Include="ATM_ObjectLists.cpp">
      <Filter>Source Files</Filter>
    </ClCompile>
    <ClCompile Include="ATM_SendSocket.cpp">
      <Filter>Source Files</Filter>
    </ClCompile>
    <ClCompile Include="ATM_ActivationKYJG.cpp">
      <Filter>Source Files</Filter>
    </ClCompile>
    <ClCompile Include="QtWidgetsClassMySelectGenshinImpactHandle.cpp">
      <Filter>Source Files</Filter>
    </ClCompile>
    <ClCompile Include="ATM_Matrix.cpp">
      <Filter>Source Files</Filter>
    </ClCompile>
    <ClCompile Include="ATM_SaveLoadFile.cpp">
      <Filter>Source Files</Filter>
    </ClCompile>
    <ClCompile Include="ATM_Modules.cpp">
      <Filter>Source Files</Filter>
    </ClCompile>
  </ItemGroup>
  <ItemGroup>
    <ClInclude Include="AutomaticTrackingMap.h">
      <Filter>Header Files</Filter>
    </ClInclude>
    <ClInclude Include="resource.h">
      <Filter>Header Files</Filter>
    </ClInclude>
    <ClInclude Include="ATM_Resource.h">
      <Filter>Header Files</Filter>
    </ClInclude>
    <ClInclude Include="ATM_MouseEvent.h">
      <Filter>Header Files</Filter>
    </ClInclude>
    <ClInclude Include="ATM_GiState.h">
      <Filter>Header Files</Filter>
    </ClInclude>
    <ClInclude Include="ATM_GI_ScreenResolution.h">
      <Filter>Header Files</Filter>
    </ClInclude>
    <ClInclude Include="ATM_ThreadMatch.h">
      <Filter>Header Files</Filter>
    </ClInclude>
    <ClInclude Include="QtClassMyHotKayNativeEventFilter.h">
      <Filter>Header Files</Filter>
    </ClInclude>
    <ClInclude Include="ATM_ObjectLists.h">
      <Filter>Header Files</Filter>
    </ClInclude>
    <ClInclude Include="ATM_SendSocket.h">
      <Filter>Header Files</Filter>
    </ClInclude>
    <ClInclude Include="ATM_ActivationKYJG.h">
      <Filter>Header Files</Filter>
    </ClInclude>
    <ClInclude Include="ATM_Matrix.h">
      <Filter>Header Files</Filter>
    </ClInclude>
    <ClInclude Include="ATM_SaveLoadFile.h">
      <Filter>Header Files</Filter>
    </ClInclude>
    <ClInclude Include="ATM_Modules.h">
      <Filter>Header Files</Filter>
    </ClInclude>
  </ItemGroup>
  <ItemGroup>
    <ResourceCompile Include="GenshinImpact_AutoMap.rc">
      <Filter>Resource Files</Filter>
    </ResourceCompile>
  </ItemGroup>
  <ItemGroup>
    <Image Include="resource\mainicon.ico">
      <Filter>Resource Files</Filter>
    </Image>
    <Image Include="resource\GIMAP.bmp">
      <Filter>Resource Files</Filter>
    </Image>
    <Image Include="resource\BackGroundMask.bmp">
      <Filter>Resource Files</Filter>
    </Image>
    <Image Include="resource\Paimon1920x1080.bmp">
      <Filter>Resource Files</Filter>
    </Image>
    <Image Include="resource\Paimon1366x768.bmp">
      <Filter>Resource Files</Filter>
    </Image>
    <Image Include="resource\Paimon1440x900.bmp">
      <Filter>Resource Files</Filter>
    </Image>
    <Image Include="resource\Paimon1680x1050.bmp">
      <Filter>Resource Files</Filter>
    </Image>
    <Image Include="resource\ObjectIcons\ObjectList0.bmp">
      <Filter>Resource Files</Filter>
    </Image>
    <Image Include="resource\ObjectIcons\ObjectList0Mask.bmp">
      <Filter>Resource Files</Filter>
    </Image>
    <Image Include="resource\ObjectIcons\ObjectList1.bmp">
      <Filter>Resource Files</Filter>
    </Image>
    <Image Include="resource\ObjectIcons\ObjectList1Mask.bmp">
      <Filter>Resource Files</Filter>
    </Image>
    <Image Include="resource\ObjectIcons\ObjectList2.bmp">
      <Filter>Resource Files</Filter>
    </Image>
    <Image Include="resource\ObjectIcons\ObjectList2Mask.bmp">
      <Filter>Resource Files</Filter>
    </Image>
    <Image Include="resource\ObjectIcons\ObjectFlagList0.bmp">
      <Filter>Resource Files</Filter>
    </Image>
    <Image Include="resource\ObjectIcons\ObjectFlagList0Mask.bmp">
      <Filter>Resource Files</Filter>
    </Image>
    <Image Include="resource\GIAVATAR.bmp">
      <Filter>Resource Files</Filter>
    </Image>
    <Image Include="resource\NumUID\UID_.bmp">
      <Filter>Resource Files</Filter>
    </Image>
    <Image Include="resource\NumUID\uid0.bmp">
      <Filter>Resource Files</Filter>
    </Image>
    <Image Include="resource\NumUID\uid1.bmp">
      <Filter>Resource Files</Filter>
    </Image>
    <Image Include="resource\NumUID\uid2.bmp">
      <Filter>Resource Files</Filter>
    </Image>
    <Image Include="resource\NumUID\uid3.bmp">
      <Filter>Resource Files</Filter>
    </Image>
    <Image Include="resource\NumUID\uid4.bmp">
      <Filter>Resource Files</Filter>
    </Image>
    <Image Include="resource\NumUID\uid5.bmp">
      <Filter>Resource Files</Filter>
    </Image>
    <Image Include="resource\NumUID\uid6.bmp">
      <Filter>Resource Files</Filter>
    </Image>
    <Image Include="resource\NumUID\uid7.bmp">
      <Filter>Resource Files</Filter>
    </Image>
    <Image Include="resource\NumUID\uid8.bmp">
      <Filter>Resource Files</Filter>
    </Image>
    <Image Include="resource\NumUID\uid9.bmp">
      <Filter>Resource Files</Filter>
    </Image>
    <Image Include="resource\GIAVATARMASK.bmp">
      <Filter>Resource Files</Filter>
    </Image>
    <Image Include="resource\ObjectIcons\ObjectFlagList1.bmp">
      <Filter>Resource Files</Filter>
    </Image>
    <Image Include="resource\ObjectIcons\ObjectFlagList1Mask.bmp">
      <Filter>Resource Files</Filter>
    </Image>
    <Image Include="resource\GISTAR.bmp">
      <Filter>Resource Files</Filter>
    </Image>
    <Image Include="resource\GISTARMASK.bmp">
      <Filter>Resource Files</Filter>
    </Image>
    <Image Include="resource\ObjectIcons\ObjectList93.bmp">
      <Filter>Resource Files</Filter>
    </Image>
    <Image Include="resource\ObjectIcons\ObjectList93Mask.bmp">
      <Filter>Resource Files</Filter>
    </Image>
    <Image Include="resource\ObjectIcons\ObjectList94.bmp">
      <Filter>Resource Files</Filter>
    </Image>
    <Image Include="resource\ObjectIcons\ObjectList94Mask.bmp">
      <Filter>Resource Files</Filter>
    </Image>
    <Image Include="resource\ObjectIcons\ObjectList101.bmp">
      <Filter>Resource Files</Filter>
    </Image>
    <Image Include="resource\ObjectIcons\ObjectList101Mask.bmp">
      <Filter>Resource Files</Filter>
    </Image>
    <Image Include="resource\ObjectIcons\ObjectList102.bmp">
      <Filter>Resource Files</Filter>
    </Image>
    <Image Include="resource\ObjectIcons\ObjectList102Mask.bmp">
      <Filter>Resource Files</Filter>
    </Image>
    <Image Include="resource\ObjectIcons\ObjectList103.bmp">
      <Filter>Resource Files</Filter>
    </Image>
    <Image Include="resource\ObjectIcons\ObjectList103Mask.bmp">
      <Filter>Resource Files</Filter>
    </Image>
    <Image Include="resource\ObjectIcons\ObjectList104.bmp">
      <Filter>Resource Files</Filter>
    </Image>
    <Image Include="resource\ObjectIcons\ObjectList104Mask.bmp">
      <Filter>Resource Files</Filter>
    </Image>
    <Image Include="resource\ObjectIcons\ObjectList105.bmp">
      <Filter>Resource Files</Filter>
    </Image>
    <Image Include="resource\ObjectIcons\ObjectList105Mask.bmp">
      <Filter>Resource Files</Filter>
    </Image>
    <Image Include="resource\ObjectIcons\ObjectList205.bmp">
      <Filter>Resource Files</Filter>
    </Image>
    <Image Include="resource\ObjectIcons\ObjectList205Mask.bmp">
      <Filter>Resource Files</Filter>
    </Image>
  </ItemGroup>
  <ItemGroup>
    <QtMoc Include="QtClassMyExitButton.h">
      <Filter>Header Files</Filter>
    </QtMoc>
    <QtMoc Include="QtClassMyHotKeyObject.h">
      <Filter>Header Files</Filter>
    </QtMoc>
    <QtMoc Include="QtWidgetsClassMySelectGenshinImpactHandle.h">
      <Filter>Header Files</Filter>
    </QtMoc>
  </ItemGroup>
  <ItemGroup>
    <QtUic Include="QtWidgetsClassMySelectGenshinImpactHandle.ui">
      <Filter>Form Files</Filter>
    </QtUic>
  </ItemGroup>
  <ItemGroup>
    <None Include="ClassDiagram.cd" />
  </ItemGroup>
</Project>